
Microsoft Visual Studio Solution File, Format Version 12.00
# Visual Studio Version 18
VisualStudioVersion = 18.6.11723.189 insiders
MinimumVisualStudioVersion = 10.0.40219.1
Project("{2150E333-8FDC-42A3-9474-1A3956D46DE8}") = "src", "src", "{A0000000-0000-0000-0000-000000000001}"
EndProject
Project("{2150E333-8FDC-42A3-9474-1A3956D46DE8}") = "tests", "tests", "{A0000000-0000-0000-0000-000000000002}"
EndProject
Project("{2150E333-8FDC-42A3-9474-1A3956D46DE8}") = "_root", "_root", "{A0000000-0000-0000-0000-000000000003}"
	ProjectSection(SolutionItems) = preProject
		.editorconfig = .editorconfig
		CLAUDE.md = CLAUDE.md
		Directory.Build.props = Directory.Build.props
		Directory.Packages.props = Directory.Packages.props
		global.json = global.json
		README.md = README.md
	EndProjectSection
EndProject
Project("{9A19103F-16F7-4668-BE54-9A1E7A4F7556}") = "Loom.Domain", "src\Loom.Domain\Loom.Domain.csproj", "{B0000000-0000-0000-0000-000000000001}"
EndProject
Project("{9A19103F-16F7-4668-BE54-9A1E7A4F7556}") = "Loom.Application", "src\Loom.Application\Loom.Application.csproj", "{B0000000-0000-0000-0000-000000000002}"
EndProject
Project("{9A19103F-16F7-4668-BE54-9A1E7A4F7556}") = "Loom.Infrastructure", "src\Loom.Infrastructure\Loom.Infrastructure.csproj", "{B0000000-0000-0000-0000-000000000003}"
EndProject
Project("{9A19103F-16F7-4668-BE54-9A1E7A4F7556}") = "Loom.Contracts", "src\Loom.Contracts\Loom.Contracts.csproj", "{B0000000-0000-0000-0000-000000000004}"
EndProject
Project("{9A19103F-16F7-4668-BE54-9A1E7A4F7556}") = "Loom.Web", "src\Loom.Web\Loom.Web.csproj", "{B0000000-0000-0000-0000-000000000005}"
EndProject
Project("{2150E333-8FDC-42A3-9474-1A3956D46DE8}") = "tools", "tools", "{A0000000-0000-0000-0000-000000000005}"
EndProject
Project("{9A19103F-16F7-4668-BE54-9A1E7A4F7556}") = "Loom.Tools.Seed", "tools\seed\Loom.Tools.Seed.csproj", "{B0000000-0000-0000-0000-000000000006}"
EndProject
Project("{9A19103F-16F7-4668-BE54-9A1E7A4F7556}") = "Loom.Domain.Tests", "tests\Loom.Domain.Tests\Loom.Domain.Tests.csproj", "{C0000000-0000-0000-0000-000000000001}"
EndProject
Project("{9A19103F-16F7-4668-BE54-9A1E7A4F7556}") = "Loom.Infrastructure.Tests", "tests\Loom.Infrastructure.Tests\Loom.Infrastructure.Tests.csproj", "{C0000000-0000-0000-0000-000000000002}"
EndProject
Project("{9A19103F-16F7-4668-BE54-9A1E7A4F7556}") = "Loom.Web.Tests", "tests\Loom.Web.Tests\Loom.Web.Tests.csproj", "{C0000000-0000-0000-0000-000000000003}"
EndProject
Project("{2150E333-8FDC-42A3-9474-1A3956D46DE8}") = "docs", "docs", "{A0000000-0000-0000-0000-000000000004}"
	ProjectSection(SolutionItems) = preProject
		docs\adr\0001-modular-monolith.md = docs\adr\0001-modular-monolith.md
		docs\adr\0002-foundry-first.md = docs\adr\0002-foundry-first.md
		docs\adr\0003-strongly-typed-ids.md = docs\adr\0003-strongly-typed-ids.md
		docs\design\loom-design.md = docs\design\loom-design.md
		docs\sample-fragment-library.md = docs\sample-fragment-library.md
		docs\team-walkthrough.md = docs\team-walkthrough.md
	EndProjectSection
EndProject
Project("{FAE04EC0-301F-11D3-BF4B-00C04F79EFBC}") = "Loom.Application.Tests", "tests\Loom.Application.Tests\Loom.Application.Tests.csproj", "{B676D5C5-49E5-4133-A393-A7CE5AC558C7}"
EndProject
Project("{FAE04EC0-301F-11D3-BF4B-00C04F79EFBC}") = "Loom.Agents.Anthropic", "src\Loom.Agents.Anthropic\Loom.Agents.Anthropic.csproj", "{6B91A36A-D8C1-4ED5-8910-21167EC31AF6}"
EndProject
Project("{FAE04EC0-301F-11D3-BF4B-00C04F79EFBC}") = "Loom.Agents.InProc", "src\Loom.Agents.InProc\Loom.Agents.InProc.csproj", "{93F2DBFA-8364-4407-A68A-8C3CAA2A9AA9}"
EndProject
Project("{FAE04EC0-301F-11D3-BF4B-00C04F79EFBC}") = "Loom.Agents.Anthropic.Tests", "tests\Loom.Agents.Anthropic.Tests\Loom.Agents.Anthropic.Tests.csproj", "{952E2BA8-CAEB-4478-B285-E7AAFD193AB8}"
EndProject
Project("{FAE04EC0-301F-11D3-BF4B-00C04F79EFBC}") = "Loom.Agents.InProc.Tests", "tests\Loom.Agents.InProc.Tests\Loom.Agents.InProc.Tests.csproj", "{1FED6E3F-ACFD-4D17-9CEE-AF55AB455EE4}"
EndProject
Project("{FAE04EC0-301F-11D3-BF4B-00C04F79EFBC}") = "Loom.Mcp", "src\Loom.Mcp\Loom.Mcp.csproj", "{B462D22A-0CD3-406D-A38E-525223F07378}"
EndProject
Project("{FAE04EC0-301F-11D3-BF4B-00C04F79EFBC}") = "Loom.Mcp.Tests", "tests\Loom.Mcp.Tests\Loom.Mcp.Tests.csproj", "{63D3B015-656D-4782-A652-4DFF557575F8}"
EndProject
Project("{FAE04EC0-301F-11D3-BF4B-00C04F79EFBC}") = "Loom.Integrations", "src\Loom.Integrations\Loom.Integrations.csproj", "{F253B601-8D7C-4054-99F3-39788F4D9E23}"
EndProject
Project("{FAE04EC0-301F-11D3-BF4B-00C04F79EFBC}") = "Loom.Integrations.Tests", "tests\Loom.Integrations.Tests\Loom.Integrations.Tests.csproj", "{FA20A3DA-2B43-4604-A04E-676AEF88B9D7}"
EndProject
Project("{FAE04EC0-301F-11D3-BF4B-00C04F79EFBC}") = "Loom.Agents.Foundry", "src\Loom.Agents.Foundry\Loom.Agents.Foundry.csproj", "{873430A0-7BB5-438C-9068-13B5CDE79A7F}"
EndProject
Project("{FAE04EC0-301F-11D3-BF4B-00C04F79EFBC}") = "Loom.Agents.Foundry.Tests", "tests\Loom.Agents.Foundry.Tests\Loom.Agents.Foundry.Tests.csproj", "{E2DFB60C-2DE1-4F58-BB7A-1641038B74B6}"
EndProject
Global
	GlobalSection(SolutionConfigurationPlatforms) = preSolution
		Debug|Any CPU = Debug|Any CPU
		Debug|x64 = Debug|x64
		Debug|x86 = Debug|x86
		Release|Any CPU = Release|Any CPU
		Release|x64 = Release|x64
		Release|x86 = Release|x86
	EndGlobalSection
	GlobalSection(ProjectConfigurationPlatforms) = postSolution
		{B0000000-0000-0000-0000-000000000001}.Debug|Any CPU.ActiveCfg = Debug|Any CPU
		{B0000000-0000-0000-0000-000000000001}.Debug|Any CPU.Build.0 = Debug|Any CPU
		{B0000000-0000-0000-0000-000000000001}.Debug|x64.ActiveCfg = Debug|Any CPU
		{B0000000-0000-0000-0000-000000000001}.Debug|x64.Build.0 = Debug|Any CPU
		{B0000000-0000-0000-0000-000000000001}.Debug|x86.ActiveCfg = Debug|Any CPU
		{B0000000-0000-0000-0000-000000000001}.Debug|x86.Build.0 = Debug|Any CPU
		{B0000000-0000-0000-0000-000000000001}.Release|Any CPU.ActiveCfg = Release|Any CPU
		{B0000000-0000-0000-0000-000000000001}.Release|Any CPU.Build.0 = Release|Any CPU
		{B0000000-0000-0000-0000-000000000001}.Release|x64.ActiveCfg = Release|Any CPU
		{B0000000-0000-0000-0000-000000000001}.Release|x64.Build.0 = Release|Any CPU
		{B0000000-0000-0000-0000-000000000001}.Release|x86.ActiveCfg = Release|Any CPU
		{B0000000-0000-0000-0000-000000000001}.Release|x86.Build.0 = Release|Any CPU
		{B0000000-0000-0000-0000-000000000002}.Debug|Any CPU.ActiveCfg = Debug|Any CPU
		{B0000000-0000-0000-0000-000000000002}.Debug|Any CPU.Build.0 = Debug|Any CPU
		{B0000000-0000-0000-0000-000000000002}.Debug|x64.ActiveCfg = Debug|Any CPU
		{B0000000-0000-0000-0000-000000000002}.Debug|x64.Build.0 = Debug|Any CPU
		{B0000000-0000-0000-0000-000000000002}.Debug|x86.ActiveCfg = Debug|Any CPU
		{B0000000-0000-0000-0000-000000000002}.Debug|x86.Build.0 = Debug|Any CPU
		{B0000000-0000-0000-0000-000000000002}.Release|Any CPU.ActiveCfg = Release|Any CPU
		{B0000000-0000-0000-0000-000000000002}.Release|Any CPU.Build.0 = Release|Any CPU
		{B0000000-0000-0000-0000-000000000002}.Release|x64.ActiveCfg = Release|Any CPU
		{B0000000-0000-0000-0000-000000000002}.Release|x64.Build.0 = Release|Any CPU
		{B0000000-0000-0000-0000-000000000002}.Release|x86.ActiveCfg = Release|Any CPU
		{B0000000-0000-0000-0000-000000000002}.Release|x86.Build.0 = Release|Any CPU
		{B0000000-0000-0000-0000-000000000003}.Debug|Any CPU.ActiveCfg = Debug|Any CPU
		{B0000000-0000-0000-0000-000000000003}.Debug|Any CPU.Build.0 = Debug|Any CPU
		{B0000000-0000-0000-0000-000000000003}.Debug|x64.ActiveCfg = Debug|Any CPU
		{B0000000-0000-0000-0000-000000000003}.Debug|x64.Build.0 = Debug|Any CPU
		{B0000000-0000-0000-0000-000000000003}.Debug|x86.ActiveCfg = Debug|Any CPU
		{B0000000-0000-0000-0000-000000000003}.Debug|x86.Build.0 = Debug|Any CPU
		{B0000000-0000-0000-0000-000000000003}.Release|Any CPU.ActiveCfg = Release|Any CPU
		{B0000000-0000-0000-0000-000000000003}.Release|Any CPU.Build.0 = Release|Any CPU
		{B0000000-0000-0000-0000-000000000003}.Release|x64.ActiveCfg = Release|Any CPU
		{B0000000-0000-0000-0000-000000000003}.Release|x64.Build.0 = Release|Any CPU
		{B0000000-0000-0000-0000-000000000003}.Release|x86.ActiveCfg = Release|Any CPU
		{B0000000-0000-0000-0000-000000000003}.Release|x86.Build.0 = Release|Any CPU
		{B0000000-0000-0000-0000-000000000004}.Debug|Any CPU.ActiveCfg = Debug|Any CPU
		{B0000000-0000-0000-0000-000000000004}.Debug|Any CPU.Build.0 = Debug|Any CPU
		{B0000000-0000-0000-0000-000000000004}.Debug|x64.ActiveCfg = Debug|Any CPU
		{B0000000-0000-0000-0000-000000000004}.Debug|x64.Build.0 = Debug|Any CPU
		{B0000000-0000-0000-0000-000000000004}.Debug|x86.ActiveCfg = Debug|Any CPU
		{B0000000-0000-0000-0000-000000000004}.Debug|x86.Build.0 = Debug|Any CPU
		{B0000000-0000-0000-0000-000000000004}.Release|Any CPU.ActiveCfg = Release|Any CPU
		{B0000000-0000-0000-0000-000000000004}.Release|Any CPU.Build.0 = Release|Any CPU
		{B0000000-0000-0000-0000-000000000004}.Release|x64.ActiveCfg = Release|Any CPU
		{B0000000-0000-0000-0000-000000000004}.Release|x64.Build.0 = Release|Any CPU
		{B0000000-0000-0000-0000-000000000004}.Release|x86.ActiveCfg = Release|Any CPU
		{B0000000-0000-0000-0000-000000000004}.Release|x86.Build.0 = Release|Any CPU
		{B0000000-0000-0000-0000-000000000005}.Debug|Any CPU.ActiveCfg = Debug|Any CPU
		{B0000000-0000-0000-0000-000000000005}.Debug|Any CPU.Build.0 = Debug|Any CPU
		{B0000000-0000-0000-0000-000000000005}.Debug|x64.ActiveCfg = Debug|Any CPU
		{B0000000-0000-0000-0000-000000000005}.Debug|x64.Build.0 = Debug|Any CPU
		{B0000000-0000-0000-0000-000000000005}.Debug|x86.ActiveCfg = Debug|Any CPU
		{B0000000-0000-0000-0000-000000000005}.Debug|x86.Build.0 = Debug|Any CPU
		{B0000000-0000-0000-0000-000000000005}.Release|Any CPU.ActiveCfg = Release|Any CPU
		{B0000000-0000-0000-0000-000000000005}.Release|Any CPU.Build.0 = Release|Any CPU
		{B0000000-0000-0000-0000-000000000005}.Release|x64.ActiveCfg = Release|Any CPU
		{B0000000-0000-0000-0000-000000000005}.Release|x64.Build.0 = Release|Any CPU
		{B0000000-0000-0000-0000-000000000005}.Release|x86.ActiveCfg = Release|Any CPU
		{B0000000-0000-0000-0000-000000000005}.Release|x86.Build.0 = Release|Any CPU
		{B0000000-0000-0000-0000-000000000006}.Debug|Any CPU.ActiveCfg = Debug|Any CPU
		{B0000000-0000-0000-0000-000000000006}.Debug|Any CPU.Build.0 = Debug|Any CPU
		{B0000000-0000-0000-0000-000000000006}.Debug|x64.ActiveCfg = Debug|Any CPU
		{B0000000-0000-0000-0000-000000000006}.Debug|x64.Build.0 = Debug|Any CPU
		{B0000000-0000-0000-0000-000000000006}.Debug|x86.ActiveCfg = Debug|Any CPU
		{B0000000-0000-0000-0000-000000000006}.Debug|x86.Build.0 = Debug|Any CPU
		{B0000000-0000-0000-0000-000000000006}.Release|Any CPU.ActiveCfg = Release|Any CPU
		{B0000000-0000-0000-0000-000000000006}.Release|Any CPU.Build.0 = Release|Any CPU
		{B0000000-0000-0000-0000-000000000006}.Release|x64.ActiveCfg = Release|Any CPU
		{B0000000-0000-0000-0000-000000000006}.Release|x64.Build.0 = Release|Any CPU
		{B0000000-0000-0000-0000-000000000006}.Release|x86.ActiveCfg = Release|Any CPU
		{B0000000-0000-0000-0000-000000000006}.Release|x86.Build.0 = Release|Any CPU
		{C0000000-0000-0000-0000-000000000001}.Debug|Any CPU.ActiveCfg = Debug|Any CPU
		{C0000000-0000-0000-0000-000000000001}.Debug|Any CPU.Build.0 = Debug|Any CPU
		{C0000000-0000-0000-0000-000000000001}.Debug|x64.ActiveCfg = Debug|Any CPU
		{C0000000-0000-0000-0000-000000000001}.Debug|x64.Build.0 = Debug|Any CPU
		{C0000000-0000-0000-0000-000000000001}.Debug|x86.ActiveCfg = Debug|Any CPU
		{C0000000-0000-0000-0000-000000000001}.Debug|x86.Build.0 = Debug|Any CPU
		{C0000000-0000-0000-0000-000000000001}.Release|Any CPU.ActiveCfg = Release|Any CPU
		{C0000000-0000-0000-0000-000000000001}.Release|Any CPU.Build.0 = Release|Any CPU
		{C0000000-0000-0000-0000-000000000001}.Release|x64.ActiveCfg = Release|Any CPU
		{C0000000-0000-0000-0000-000000000001}.Release|x64.Build.0 = Release|Any CPU
		{C0000000-0000-0000-0000-000000000001}.Release|x86.ActiveCfg = Release|Any CPU
		{C0000000-0000-0000-0000-000000000001}.Release|x86.Build.0 = Release|Any CPU
		{C0000000-0000-0000-0000-000000000002}.Debug|Any CPU.ActiveCfg = Debug|Any CPU
		{C0000000-0000-0000-0000-000000000002}.Debug|Any CPU.Build.0 = Debug|Any CPU
		{C0000000-0000-0000-0000-000000000002}.Debug|x64.ActiveCfg = Debug|Any CPU
		{C0000000-0000-0000-0000-000000000002}.Debug|x64.Build.0 = Debug|Any CPU
		{C0000000-0000-0000-0000-000000000002}.Debug|x86.ActiveCfg = Debug|Any CPU
		{C0000000-0000-0000-0000-000000000002}.Debug|x86.Build.0 = Debug|Any CPU
		{C0000000-0000-0000-0000-000000000002}.Release|Any CPU.ActiveCfg = Release|Any CPU
		{C0000000-0000-0000-0000-000000000002}.Release|Any CPU.Build.0 = Release|Any CPU
		{C0000000-0000-0000-0000-000000000002}.Release|x64.ActiveCfg = Release|Any CPU
		{C0000000-0000-0000-0000-000000000002}.Release|x64.Build.0 = Release|Any CPU
		{C0000000-0000-0000-0000-000000000002}.Release|x86.ActiveCfg = Release|Any CPU
		{C0000000-0000-0000-0000-000000000002}.Release|x86.Build.0 = Release|Any CPU
		{C0000000-0000-0000-0000-000000000003}.Debug|Any CPU.ActiveCfg = Debug|Any CPU
		{C0000000-0000-0000-0000-000000000003}.Debug|Any CPU.Build.0 = Debug|Any CPU
		{C0000000-0000-0000-0000-000000000003}.Debug|x64.ActiveCfg = Debug|Any CPU
		{C0000000-0000-0000-0000-000000000003}.Debug|x64.Build.0 = Debug|Any CPU
		{C0000000-0000-0000-0000-000000000003}.Debug|x86.ActiveCfg = Debug|Any CPU
		{C0000000-0000-0000-0000-000000000003}.Debug|x86.Build.0 = Debug|Any CPU
		{C0000000-0000-0000-0000-000000000003}.Release|Any CPU.ActiveCfg = Release|Any CPU
		{C0000000-0000-0000-0000-000000000003}.Release|Any CPU.Build.0 = Release|Any CPU
		{C0000000-0000-0000-0000-000000000003}.Release|x64.ActiveCfg = Release|Any CPU
		{C0000000-0000-0000-0000-000000000003}.Release|x64.Build.0 = Release|Any CPU
		{C0000000-0000-0000-0000-000000000003}.Release|x86.ActiveCfg = Release|Any CPU
		{C0000000-0000-0000-0000-000000000003}.Release|x86.Build.0 = Release|Any CPU
		{B676D5C5-49E5-4133-A393-A7CE5AC558C7}.Debug|Any CPU.ActiveCfg = Debug|Any CPU
		{B676D5C5-49E5-4133-A393-A7CE5AC558C7}.Debug|Any CPU.Build.0 = Debug|Any CPU
		{B676D5C5-49E5-4133-A393-A7CE5AC558C7}.Debug|x64.ActiveCfg = Debug|Any CPU
		{B676D5C5-49E5-4133-A393-A7CE5AC558C7}.Debug|x64.Build.0 = Debug|Any CPU
		{B676D5C5-49E5-4133-A393-A7CE5AC558C7}.Debug|x86.ActiveCfg = Debug|Any CPU
		{B676D5C5-49E5-4133-A393-A7CE5AC558C7}.Debug|x86.Build.0 = Debug|Any CPU
		{B676D5C5-49E5-4133-A393-A7CE5AC558C7}.Release|Any CPU.ActiveCfg = Release|Any CPU
		{B676D5C5-49E5-4133-A393-A7CE5AC558C7}.Release|Any CPU.Build.0 = Release|Any CPU
		{B676D5C5-49E5-4133-A393-A7CE5AC558C7}.Release|x64.ActiveCfg = Release|Any CPU
		{B676D5C5-49E5-4133-A393-A7CE5AC558C7}.Release|x64.Build.0 = Release|Any CPU
		{B676D5C5-49E5-4133-A393-A7CE5AC558C7}.Release|x86.ActiveCfg = Release|Any CPU
		{B676D5C5-49E5-4133-A393-A7CE5AC558C7}.Release|x86.Build.0 = Release|Any CPU
		{6B91A36A-D8C1-4ED5-8910-21167EC31AF6}.Debug|Any CPU.ActiveCfg = Debug|Any CPU
		{6B91A36A-D8C1-4ED5-8910-21167EC31AF6}.Debug|Any CPU.Build.0 = Debug|Any CPU
		{6B91A36A-D8C1-4ED5-8910-21167EC31AF6}.Debug|x64.ActiveCfg = Debug|Any CPU
		{6B91A36A-D8C1-4ED5-8910-21167EC31AF6}.Debug|x64.Build.0 = Debug|Any CPU
		{6B91A36A-D8C1-4ED5-8910-21167EC31AF6}.Debug|x86.ActiveCfg = Debug|Any CPU
		{6B91A36A-D8C1-4ED5-8910-21167EC31AF6}.Debug|x86.Build.0 = Debug|Any CPU
		{6B91A36A-D8C1-4ED5-8910-21167EC31AF6}.Release|Any CPU.ActiveCfg = Release|Any CPU
		{6B91A36A-D8C1-4ED5-8910-21167EC31AF6}.Release|Any CPU.Build.0 = Release|Any CPU
		{6B91A36A-D8C1-4ED5-8910-21167EC31AF6}.Release|x64.ActiveCfg = Release|Any CPU
		{6B91A36A-D8C1-4ED5-8910-21167EC31AF6}.Release|x64.Build.0 = Release|Any CPU
		{6B91A36A-D8C1-4ED5-8910-21167EC31AF6}.Release|x86.ActiveCfg = Release|Any CPU
		{6B91A36A-D8C1-4ED5-8910-21167EC31AF6}.Release|x86.Build.0 = Release|Any CPU
		{93F2DBFA-8364-4407-A68A-8C3CAA2A9AA9}.Debug|Any CPU.ActiveCfg = Debug|Any CPU
		{93F2DBFA-8364-4407-A68A-8C3CAA2A9AA9}.Debug|Any CPU.Build.0 = Debug|Any CPU
		{93F2DBFA-8364-4407-A68A-8C3CAA2A9AA9}.Debug|x64.ActiveCfg = Debug|Any CPU
		{93F2DBFA-8364-4407-A68A-8C3CAA2A9AA9}.Debug|x64.Build.0 = Debug|Any CPU
		{93F2DBFA-8364-4407-A68A-8C3CAA2A9AA9}.Debug|x86.ActiveCfg = Debug|Any CPU
		{93F2DBFA-8364-4407-A68A-8C3CAA2A9AA9}.Debug|x86.Build.0 = Debug|Any CPU
		{93F2DBFA-8364-4407-A68A-8C3CAA2A9AA9}.Release|Any CPU.ActiveCfg = Release|Any CPU
		{93F2DBFA-8364-4407-A68A-8C3CAA2A9AA9}.Release|Any CPU.Build.0 = Release|Any CPU
		{93F2DBFA-8364-4407-A68A-8C3CAA2A9AA9}.Release|x64.ActiveCfg = Release|Any CPU
		{93F2DBFA-8364-4407-A68A-8C3CAA2A9AA9}.Release|x64.Build.0 = Release|Any CPU
		{93F2DBFA-8364-4407-A68A-8C3CAA2A9AA9}.Release|x86.ActiveCfg = Release|Any CPU
		{93F2DBFA-8364-4407-A68A-8C3CAA2A9AA9}.Release|x86.Build.0 = Release|Any CPU
		{952E2BA8-CAEB-4478-B285-E7AAFD193AB8}.Debug|Any CPU.ActiveCfg = Debug|Any CPU
		{952E2BA8-CAEB-4478-B285-E7AAFD193AB8}.Debug|Any CPU.Build.0 = Debug|Any CPU
		{952E2BA8-CAEB-4478-B285-E7AAFD193AB8}.Debug|x64.ActiveCfg = Debug|Any CPU
		{952E2BA8-CAEB-4478-B285-E7AAFD193AB8}.Debug|x64.Build.0 = Debug|Any CPU
		{952E2BA8-CAEB-4478-B285-E7AAFD193AB8}.Debug|x86.ActiveCfg = Debug|Any CPU
		{952E2BA8-CAEB-4478-B285-E7AAFD193AB8}.Debug|x86.Build.0 = Debug|Any CPU
		{952E2BA8-CAEB-4478-B285-E7AAFD193AB8}.Release|Any CPU.ActiveCfg = Release|Any CPU
		{952E2BA8-CAEB-4478-B285-E7AAFD193AB8}.Release|Any CPU.Build.0 = Release|Any CPU
		{952E2BA8-CAEB-4478-B285-E7AAFD193AB8}.Release|x64.ActiveCfg = Release|Any CPU
		{952E2BA8-CAEB-4478-B285-E7AAFD193AB8}.Release|x64.Build.0 = Release|Any CPU
		{952E2BA8-CAEB-4478-B285-E7AAFD193AB8}.Release|x86.ActiveCfg = Release|Any CPU
		{952E2BA8-CAEB-4478-B285-E7AAFD193AB8}.Release|x86.Build.0 = Release|Any CPU
		{1FED6E3F-ACFD-4D17-9CEE-AF55AB455EE4}.Debug|Any CPU.ActiveCfg = Debug|Any CPU
		{1FED6E3F-ACFD-4D17-9CEE-AF55AB455EE4}.Debug|Any CPU.Build.0 = Debug|Any CPU
		{1FED6E3F-ACFD-4D17-9CEE-AF55AB455EE4}.Debug|x64.ActiveCfg = Debug|Any CPU
		{1FED6E3F-ACFD-4D17-9CEE-AF55AB455EE4}.Debug|x64.Build.0 = Debug|Any CPU
		{1FED6E3F-ACFD-4D17-9CEE-AF55AB455EE4}.Debug|x86.ActiveCfg = Debug|Any CPU
		{1FED6E3F-ACFD-4D17-9CEE-AF55AB455EE4}.Debug|x86.Build.0 = Debug|Any CPU
		{1FED6E3F-ACFD-4D17-9CEE-AF55AB455EE4}.Release|Any CPU.ActiveCfg = Release|Any CPU
		{1FED6E3F-ACFD-4D17-9CEE-AF55AB455EE4}.Release|Any CPU.Build.0 = Release|Any CPU
		{1FED6E3F-ACFD-4D17-9CEE-AF55AB455EE4}.Release|x64.ActiveCfg = Release|Any CPU
		{1FED6E3F-ACFD-4D17-9CEE-AF55AB455EE4}.Release|x64.Build.0 = Release|Any CPU
		{1FED6E3F-ACFD-4D17-9CEE-AF55AB455EE4}.Release|x86.ActiveCfg = Release|Any CPU
		{1FED6E3F-ACFD-4D17-9CEE-AF55AB455EE4}.Release|x86.Build.0 = Release|Any CPU
		{B462D22A-0CD3-406D-A38E-525223F07378}.Debug|Any CPU.ActiveCfg = Debug|Any CPU
		{B462D22A-0CD3-406D-A38E-525223F07378}.Debug|Any CPU.Build.0 = Debug|Any CPU
		{B462D22A-0CD3-406D-A38E-525223F07378}.Debug|x64.ActiveCfg = Debug|Any CPU
		{B462D22A-0CD3-406D-A38E-525223F07378}.Debug|x64.Build.0 = Debug|Any CPU
		{B462D22A-0CD3-406D-A38E-525223F07378}.Debug|x86.ActiveCfg = Debug|Any CPU
		{B462D22A-0CD3-406D-A38E-525223F07378}.Debug|x86.Build.0 = Debug|Any CPU
		{B462D22A-0CD3-406D-A38E-525223F07378}.Release|Any CPU.ActiveCfg = Release|Any CPU
		{B462D22A-0CD3-406D-A38E-525223F07378}.Release|Any CPU.Build.0 = Release|Any CPU
		{B462D22A-0CD3-406D-A38E-525223F07378}.Release|x64.ActiveCfg = Release|Any CPU
		{B462D22A-0CD3-406D-A38E-525223F07378}.Release|x64.Build.0 = Release|Any CPU
		{B462D22A-0CD3-406D-A38E-525223F07378}.Release|x86.ActiveCfg = Release|Any CPU
		{B462D22A-0CD3-406D-A38E-525223F07378}.Release|x86.Build.0 = Release|Any CPU
		{63D3B015-656D-4782-A652-4DFF557575F8}.Debug|Any CPU.ActiveCfg = Debug|Any CPU
		{63D3B015-656D-4782-A652-4DFF557575F8}.Debug|Any CPU.Build.0 = Debug|Any CPU
		{63D3B015-656D-4782-A652-4DFF557575F8}.Debug|x64.ActiveCfg = Debug|Any CPU
		{63D3B015-656D-4782-A652-4DFF557575F8}.Debug|x64.Build.0 = Debug|Any CPU
		{63D3B015-656D-4782-A652-4DFF557575F8}.Debug|x86.ActiveCfg = Debug|Any CPU
		{63D3B015-656D-4782-A652-4DFF557575F8}.Debug|x86.Build.0 = Debug|Any CPU
		{63D3B015-656D-4782-A652-4DFF557575F8}.Release|Any CPU.ActiveCfg = Release|Any CPU
		{63D3B015-656D-4782-A652-4DFF557575F8}.Release|Any CPU.Build.0 = Release|Any CPU
		{63D3B015-656D-4782-A652-4DFF557575F8}.Release|x64.ActiveCfg = Release|Any CPU
		{63D3B015-656D-4782-A652-4DFF557575F8}.Release|x64.Build.0 = Release|Any CPU
		{63D3B015-656D-4782-A652-4DFF557575F8}.Release|x86.ActiveCfg = Release|Any CPU
		{63D3B015-656D-4782-A652-4DFF557575F8}.Release|x86.Build.0 = Release|Any CPU
		{F253B601-8D7C-4054-99F3-39788F4D9E23}.Debug|Any CPU.ActiveCfg = Debug|Any CPU
		{F253B601-8D7C-4054-99F3-39788F4D9E23}.Debug|Any CPU.Build.0 = Debug|Any CPU
		{F253B601-8D7C-4054-99F3-39788F4D9E23}.Debug|x64.ActiveCfg = Debug|Any CPU
		{F253B601-8D7C-4054-99F3-39788F4D9E23}.Debug|x64.Build.0 = Debug|Any CPU
		{F253B601-8D7C-4054-99F3-39788F4D9E23}.Debug|x86.ActiveCfg = Debug|Any CPU
		{F253B601-8D7C-4054-99F3-39788F4D9E23}.Debug|x86.Build.0 = Debug|Any CPU
		{F253B601-8D7C-4054-99F3-39788F4D9E23}.Release|Any CPU.ActiveCfg = Release|Any CPU
		{F253B601-8D7C-4054-99F3-39788F4D9E23}.Release|Any CPU.Build.0 = Release|Any CPU
		{F253B601-8D7C-4054-99F3-39788F4D9E23}.Release|x64.ActiveCfg = Release|Any CPU
		{F253B601-8D7C-4054-99F3-39788F4D9E23}.Release|x64.Build.0 = Release|Any CPU
		{F253B601-8D7C-4054-99F3-39788F4D9E23}.Release|x86.ActiveCfg = Release|Any CPU
		{F253B601-8D7C-4054-99F3-39788F4D9E23}.Release|x86.Build.0 = Release|Any CPU
		{FA20A3DA-2B43-4604-A04E-676AEF88B9D7}.Debug|Any CPU.ActiveCfg = Debug|Any CPU
		{FA20A3DA-2B43-4604-A04E-676AEF88B9D7}.Debug|Any CPU.Build.0 = Debug|Any CPU
		{FA20A3DA-2B43-4604-A04E-676AEF88B9D7}.Debug|x64.ActiveCfg = Debug|Any CPU
		{FA20A3DA-2B43-4604-A04E-676AEF88B9D7}.Debug|x64.Build.0 = Debug|Any CPU
		{FA20A3DA-2B43-4604-A04E-676AEF88B9D7}.Debug|x86.ActiveCfg = Debug|Any CPU
		{FA20A3DA-2B43-4604-A04E-676AEF88B9D7}.Debug|x86.Build.0 = Debug|Any CPU
		{FA20A3DA-2B43-4604-A04E-676AEF88B9D7}.Release|Any CPU.ActiveCfg = Release|Any CPU
		{FA20A3DA-2B43-4604-A04E-676AEF88B9D7}.Release|Any CPU.Build.0 = Release|Any CPU
		{FA20A3DA-2B43-4604-A04E-676AEF88B9D7}.Release|x64.ActiveCfg = Release|Any CPU
		{FA20A3DA-2B43-4604-A04E-676AEF88B9D7}.Release|x64.Build.0 = Release|Any CPU
		{FA20A3DA-2B43-4604-A04E-676AEF88B9D7}.Release|x86.ActiveCfg = Release|Any CPU
		{FA20A3DA-2B43-4604-A04E-676AEF88B9D7}.Release|x86.Build.0 = Release|Any CPU
		{873430A0-7BB5-438C-9068-13B5CDE79A7F}.Debug|Any CPU.ActiveCfg = Debug|Any CPU
		{873430A0-7BB5-438C-9068-13B5CDE79A7F}.Debug|Any CPU.Build.0 = Debug|Any CPU
		{873430A0-7BB5-438C-9068-13B5CDE79A7F}.Debug|x64.ActiveCfg = Debug|Any CPU
		{873430A0-7BB5-438C-9068-13B5CDE79A7F}.Debug|x64.Build.0 = Debug|Any CPU
		{873430A0-7BB5-438C-9068-13B5CDE79A7F}.Debug|x86.ActiveCfg = Debug|Any CPU
		{873430A0-7BB5-438C-9068-13B5CDE79A7F}.Debug|x86.Build.0 = Debug|Any CPU
		{873430A0-7BB5-438C-9068-13B5CDE79A7F}.Release|Any CPU.ActiveCfg = Release|Any CPU
		{873430A0-7BB5-438C-9068-13B5CDE79A7F}.Release|Any CPU.Build.0 = Release|Any CPU
		{873430A0-7BB5-438C-9068-13B5CDE79A7F}.Release|x64.ActiveCfg = Release|Any CPU
		{873430A0-7BB5-438C-9068-13B5CDE79A7F}.Release|x64.Build.0 = Release|Any CPU
		{873430A0-7BB5-438C-9068-13B5CDE79A7F}.Release|x86.ActiveCfg = Release|Any CPU
		{873430A0-7BB5-438C-9068-13B5CDE79A7F}.Release|x86.Build.0 = Release|Any CPU
		{E2DFB60C-2DE1-4F58-BB7A-1641038B74B6}.Debug|Any CPU.ActiveCfg = Debug|Any CPU
		{E2DFB60C-2DE1-4F58-BB7A-1641038B74B6}.Debug|Any CPU.Build.0 = Debug|Any CPU
		{E2DFB60C-2DE1-4F58-BB7A-1641038B74B6}.Debug|x64.ActiveCfg = Debug|Any CPU
		{E2DFB60C-2DE1-4F58-BB7A-1641038B74B6}.Debug|x64.Build.0 = Debug|Any CPU
		{E2DFB60C-2DE1-4F58-BB7A-1641038B74B6}.Debug|x86.ActiveCfg = Debug|Any CPU
		{E2DFB60C-2DE1-4F58-BB7A-1641038B74B6}.Debug|x86.Build.0 = Debug|Any CPU
		{E2DFB60C-2DE1-4F58-BB7A-1641038B74B6}.Release|Any CPU.ActiveCfg = Release|Any CPU
		{E2DFB60C-2DE1-4F58-BB7A-1641038B74B6}.Release|Any CPU.Build.0 = Release|Any CPU
		{E2DFB60C-2DE1-4F58-BB7A-1641038B74B6}.Release|x64.ActiveCfg = Release|Any CPU
		{E2DFB60C-2DE1-4F58-BB7A-1641038B74B6}.Release|x64.Build.0 = Release|Any CPU
		{E2DFB60C-2DE1-4F58-BB7A-1641038B74B6}.Release|x86.ActiveCfg = Release|Any CPU
		{E2DFB60C-2DE1-4F58-BB7A-1641038B74B6}.Release|x86.Build.0 = Release|Any CPU
	EndGlobalSection
	GlobalSection(SolutionProperties) = preSolution
		HideSolutionNode = FALSE
	EndGlobalSection
	GlobalSection(NestedProjects) = preSolution
		{B0000000-0000-0000-0000-000000000001} = {A0000000-0000-0000-0000-000000000001}
		{B0000000-0000-0000-0000-000000000002} = {A0000000-0000-0000-0000-000000000001}
		{B0000000-0000-0000-0000-000000000003} = {A0000000-0000-0000-0000-000000000001}
		{B0000000-0000-0000-0000-000000000004} = {A0000000-0000-0000-0000-000000000001}
		{B0000000-0000-0000-0000-000000000005} = {A0000000-0000-0000-0000-000000000001}
		{B0000000-0000-0000-0000-000000000006} = {A0000000-0000-0000-0000-000000000005}
		{C0000000-0000-0000-0000-000000000001} = {A0000000-0000-0000-0000-000000000002}
		{C0000000-0000-0000-0000-000000000002} = {A0000000-0000-0000-0000-000000000002}
		{C0000000-0000-0000-0000-000000000003} = {A0000000-0000-0000-0000-000000000002}
		{B676D5C5-49E5-4133-A393-A7CE5AC558C7} = {A0000000-0000-0000-0000-000000000002}
		{6B91A36A-D8C1-4ED5-8910-21167EC31AF6} = {A0000000-0000-0000-0000-000000000001}
		{93F2DBFA-8364-4407-A68A-8C3CAA2A9AA9} = {A0000000-0000-0000-0000-000000000001}
		{952E2BA8-CAEB-4478-B285-E7AAFD193AB8} = {A0000000-0000-0000-0000-000000000002}
		{1FED6E3F-ACFD-4D17-9CEE-AF55AB455EE4} = {A0000000-0000-0000-0000-000000000002}
		{B462D22A-0CD3-406D-A38E-525223F07378} = {A0000000-0000-0000-0000-000000000001}
		{63D3B015-656D-4782-A652-4DFF557575F8} = {A0000000-0000-0000-0000-000000000002}
		{F253B601-8D7C-4054-99F3-39788F4D9E23} = {A0000000-0000-0000-0000-000000000001}
		{FA20A3DA-2B43-4604-A04E-676AEF88B9D7} = {A0000000-0000-0000-0000-000000000002}
		{873430A0-7BB5-438C-9068-13B5CDE79A7F} = {A0000000-0000-0000-0000-000000000001}
		{E2DFB60C-2DE1-4F58-BB7A-1641038B74B6} = {A0000000-0000-0000-0000-000000000002}
	EndGlobalSection
	GlobalSection(ExtensibilityGlobals) = postSolution
		SolutionGuid = {65E5EEE4-817D-48B4-91B8-DD44C62EF564}
	EndGlobalSection
EndGlobal
